// !$*UTF8*$!
{
	archiveVersion = 1;
	classes = {
	};
	objectVersion = 55;
	objects = {

/* Begin PBXBuildFile section */
		3A9E02D227AFA77600BCBEDE /* AppDelegate.swift in Sources */ = {isa = PBXBuildFile; fileRef = 3A9E02D127AFA77600BCBEDE /* AppDelegate.swift */; };
		3A9E02D427AFA77600BCBEDE /* SceneDelegate.swift in Sources */ = {isa = PBXBuildFile; fileRef = 3A9E02D327AFA77600BCBEDE /* SceneDelegate.swift */; };
		3A9E02D627AFA77600BCBEDE /* MainViewController.swift in Sources */ = {isa = PBXBuildFile; fileRef = 3A9E02D527AFA77600BCBEDE /* MainViewController.swift */; };
		3A9E02DB27AFA77700BCBEDE /* Assets.xcassets in Resources */ = {isa = PBXBuildFile; fileRef = 3A9E02DA27AFA77700BCBEDE /* Assets.xcassets */; };
		3A9E02DE27AFA77700BCBEDE /* LaunchScreen.storyboard in Resources */ = {isa = PBXBuildFile; fileRef = 3A9E02DC27AFA77700BCBEDE /* LaunchScreen.storyboard */; };
		3A9E02F327AFA77700BCBEDE /* MVP_DemoUITests.swift in Sources */ = {isa = PBXBuildFile; fileRef = 3A9E02F227AFA77700BCBEDE /* MVP_DemoUITests.swift */; };
		3A9E02F527AFA77700BCBEDE /* MVP_DemoUITestsLaunchTests.swift in Sources */ = {isa = PBXBuildFile; fileRef = 3A9E02F427AFA77700BCBEDE /* MVP_DemoUITestsLaunchTests.swift */; };
		3A9E030227AFA77F00BCBEDE /* Comment.swift in Sources */ = {isa = PBXBuildFile; fileRef = 3A9E030127AFA77F00BCBEDE /* Comment.swift */; };
		3A9E030427AFA7AE00BCBEDE /* MainPresenter.swift in Sources */ = {isa = PBXBuildFile; fileRef = 3A9E030327AFA7AE00BCBEDE /* MainPresenter.swift */; };
		3A9E030A27AFB25500BCBEDE /* ModuleBuilder.swift in Sources */ = {isa = PBXBuildFile; fileRef = 3A9E030927AFB25500BCBEDE /* ModuleBuilder.swift */; };
		3A9E030C27AFB45300BCBEDE /* Main.storyboard in Resources */ = {isa = PBXBuildFile; fileRef = 3A9E030B27AFB45300BCBEDE /* Main.storyboard */; };
		3A9E030E27AFB5BC00BCBEDE /* MainPresenterTest.swift in Sources */ = {isa = PBXBuildFile; fileRef = 3A9E030D27AFB5BC00BCBEDE /* MainPresenterTest.swift */; };
		3A9E031127AFBEA800BCBEDE /* NetworkService.swift in Sources */ = {isa = PBXBuildFile; fileRef = 3A9E031027AFBEA800BCBEDE /* NetworkService.swift */; };
		3A9E031527AFCF4B00BCBEDE /* DetailPresenter.swift in Sources */ = {isa = PBXBuildFile; fileRef = 3A9E031427AFCF4B00BCBEDE /* DetailPresenter.swift */; };
		3A9E031A27AFD0F200BCBEDE /* DetailViewController.swift in Sources */ = {isa = PBXBuildFile; fileRef = 3A9E031927AFD0F200BCBEDE /* DetailViewController.swift */; };
		3A9E031C27AFDDD500BCBEDE /* DetailTableViewCell.swift in Sources */ = {isa = PBXBuildFile; fileRef = 3A9E031B27AFDDD500BCBEDE /* DetailTableViewCell.swift */; };
		3A9E031E27AFE35900BCBEDE /* UIView+Extension.swift in Sources */ = {isa = PBXBuildFile; fileRef = 3A9E031D27AFE35900BCBEDE /* UIView+Extension.swift */; };
/* End PBXBuildFile section */

/* Begin PBXContainerItemProxy section */
		3A9E02E527AFA77700BCBEDE /* PBXContainerItemProxy */ = {
			isa = PBXContainerItemProxy;
			containerPortal = 3A9E02C627AFA77600BCBEDE /* Project object */;
			proxyType = 1;
			remoteGlobalIDString = 3A9E02CD27AFA77600BCBEDE;
			remoteInfo = MVP_Demo;
		};
		3A9E02EF27AFA77700BCBEDE /* PBXContainerItemProxy */ = {
			isa = PBXContainerItemProxy;
			containerPortal = 3A9E02C627AFA77600BCBEDE /* Project object */;
			proxyType = 1;
			remoteGlobalIDString = 3A9E02CD27AFA77600BCBEDE;
			remoteInfo = MVP_Demo;
		};
/* End PBXContainerItemProxy section */

/* Begin PBXFileReference section */
		3A9E02CE27AFA77600BCBEDE /* MVP_Demo.app */ = {isa = PBXFileReference; explicitFileType = wrapper.application; includeInIndex = 0; path = MVP_Demo.app; sourceTree = BUILT_PRODUCTS_DIR; };
		3A9E02D127AFA77600BCBEDE /* AppDelegate.swift */ = {isa = PBXFileReference; lastKnownFileType = sourcecode.swift; path = AppDelegate.swift; sourceTree = "<group>"; };
		3A9E02D327AFA77600BCBEDE /* SceneDelegate.swift */ = {isa = PBXFileReference; lastKnownFileType = sourcecode.swift; path = SceneDelegate.swift; sourceTree = "<group>"; };
		3A9E02D527AFA77600BCBEDE /* MainViewController.swift */ = {isa = PBXFileReference; lastKnownFileType = sourcecode.swift; path = MainViewController.swift; sourceTree = "<group>"; };
		3A9E02DA27AFA77700BCBEDE /* Assets.xcassets */ = {isa = PBXFileReference; lastKnownFileType = folder.assetcatalog; path = Assets.xcassets; sourceTree = "<group>"; };
		3A9E02DD27AFA77700BCBEDE /* Base */ = {isa = PBXFileReference; lastKnownFileType = file.storyboard; name = Base; path = Base.lproj/LaunchScreen.storyboard; sourceTree = "<group>"; };
		3A9E02DF27AFA77700BCBEDE /* Info.plist */ = {isa = PBXFileReference; lastKnownFileType = text.plist.xml; path = Info.plist; sourceTree = "<group>"; };
		3A9E02E427AFA77700BCBEDE /* MVP_DemoTests.xctest */ = {isa = PBXFileReference; explicitFileType = wrapper.cfbundle; includeInIndex = 0; path = MVP_DemoTests.xctest; sourceTree = BUILT_PRODUCTS_DIR; };
		3A9E02EE27AFA77700BCBEDE /* MVP_DemoUITests.xctest */ = {isa = PBXFileReference; explicitFileType = wrapper.cfbundle; includeInIndex = 0; path = MVP_DemoUITests.xctest; sourceTree = BUILT_PRODUCTS_DIR; };
		3A9E02F227AFA77700BCBEDE /* MVP_DemoUITests.swift */ = {isa = PBXFileReference; lastKnownFileType = sourcecode.swift; path = MVP_DemoUITests.swift; sourceTree = "<group>"; };
		3A9E02F427AFA77700BCBEDE /* MVP_DemoUITestsLaunchTests.swift */ = {isa = PBXFileReference; lastKnownFileType = sourcecode.swift; path = MVP_DemoUITestsLaunchTests.swift; sourceTree = "<group>"; };
		3A9E030127AFA77F00BCBEDE /* Comment.swift */ = {isa = PBXFileReference; lastKnownFileType = sourcecode.swift; path = Comment.swift; sourceTree = "<group>"; };
		3A9E030327AFA7AE00BCBEDE /* MainPresenter.swift */ = {isa = PBXFileReference; lastKnownFileType = sourcecode.swift; path = MainPresenter.swift; sourceTree = "<group>"; };
		3A9E030927AFB25500BCBEDE /* ModuleBuilder.swift */ = {isa = PBXFileReference; lastKnownFileType = sourcecode.swift; path = ModuleBuilder.swift; sourceTree = "<group>"; };
		3A9E030B27AFB45300BCBEDE /* Main.storyboard */ = {isa = PBXFileReference; lastKnownFileType = file.storyboard; path = Main.storyboard; sourceTree = "<group>"; };
		3A9E030D27AFB5BC00BCBEDE /* MainPresenterTest.swift */ = {isa = PBXFileReference; lastKnownFileType = sourcecode.swift; path = MainPresenterTest.swift; sourceTree = "<group>"; };
		3A9E031027AFBEA800BCBEDE /* NetworkService.swift */ = {isa = PBXFileReference; lastKnownFileType = sourcecode.swift; path = NetworkService.swift; sourceTree = "<group>"; };
		3A9E031427AFCF4B00BCBEDE /* DetailPresenter.swift */ = {isa = PBXFileReference; lastKnownFileType = sourcecode.swift; path = DetailPresenter.swift; sourceTree = "<group>"; };
		3A9E031927AFD0F200BCBEDE /* DetailViewController.swift */ = {isa = PBXFileReference; lastKnownFileType = sourcecode.swift; path = DetailViewController.swift; sourceTree = "<group>"; };
		3A9E031B27AFDDD500BCBEDE /* DetailTableViewCell.swift */ = {isa = PBXFileReference; lastKnownFileType = sourcecode.swift; path = DetailTableViewCell.swift; sourceTree = "<group>"; };
		3A9E031D27AFE35900BCBEDE /* UIView+Extension.swift */ = {isa = PBXFileReference; lastKnownFileType = sourcecode.swift; path = "UIView+Extension.swift"; sourceTree = "<group>"; };
/* End PBXFileReference section */

/* Begin PBXFrameworksBuildPhase section */
		3A9E02CB27AFA77600BCBEDE /* Frameworks */ = {
			isa = PBXFrameworksBuildPhase;
			buildActionMask = 2147483647;
			files = (
			);
			runOnlyForDeploymentPostprocessing = 0;
		};
		3A9E02E127AFA77700BCBEDE /* Frameworks */ = {
			isa = PBXFrameworksBuildPhase;
			buildActionMask = 2147483647;
			files = (
			);
			runOnlyForDeploymentPostprocessing = 0;
		};
		3A9E02EB27AFA77700BCBEDE /* Frameworks */ = {
			isa = PBXFrameworksBuildPhase;
			buildActionMask = 2147483647;
			files = (
			);
			runOnlyForDeploymentPostprocessing = 0;
		};
/* End PBXFrameworksBuildPhase section */

/* Begin PBXGroup section */
		3A9E02C527AFA77600BCBEDE = {
			isa = PBXGroup;
			children = (
				3A9E02D027AFA77600BCBEDE /* MVP_Demo */,
				3A9E02E727AFA77700BCBEDE /* MVP_DemoTests */,
				3A9E02F127AFA77700BCBEDE /* MVP_DemoUITests */,
				3A9E02CF27AFA77600BCBEDE /* Products */,
			);
			sourceTree = "<group>";
		};
		3A9E02CF27AFA77600BCBEDE /* Products */ = {
			isa = PBXGroup;
			children = (
				3A9E02CE27AFA77600BCBEDE /* MVP_Demo.app */,
				3A9E02E427AFA77700BCBEDE /* MVP_DemoTests.xctest */,
				3A9E02EE27AFA77700BCBEDE /* MVP_DemoUITests.xctest */,
			);
			name = Products;
			sourceTree = "<group>";
		};
		3A9E02D027AFA77600BCBEDE /* MVP_Demo */ = {
			isa = PBXGroup;
			children = (
				3A9E030927AFB25500BCBEDE /* ModuleBuilder.swift */,
				3A9E031727AFD0CB00BCBEDE /* DetailModule */,
				3A9E030527AFAF0900BCBEDE /* MainModule */,
				3A9E031227AFBEC800BCBEDE /* ServiceLayer */,
				3A9E031327AFBEED00BCBEDE /* Misc */,
				3A9E02DA27AFA77700BCBEDE /* Assets.xcassets */,
				3A9E02DF27AFA77700BCBEDE /* Info.plist */,
				3A9E031F27AFE3C000BCBEDE /* Extensions */,
			);
			path = MVP_Demo;
			sourceTree = "<group>";
		};
		3A9E02E727AFA77700BCBEDE /* MVP_DemoTests */ = {
			isa = PBXGroup;
			children = (
				3A9E030F27AFB5D100BCBEDE /* TestMainModule */,
			);
			path = MVP_DemoTests;
			sourceTree = "<group>";
		};
		3A9E02F127AFA77700BCBEDE /* MVP_DemoUITests */ = {
			isa = PBXGroup;
			children = (
				3A9E02F227AFA77700BCBEDE /* MVP_DemoUITests.swift */,
				3A9E02F427AFA77700BCBEDE /* MVP_DemoUITestsLaunchTests.swift */,
			);
			path = MVP_DemoUITests;
			sourceTree = "<group>";
		};
		3A9E030527AFAF0900BCBEDE /* MainModule */ = {
			isa = PBXGroup;
			children = (
				3A9E030627AFAF1A00BCBEDE /* Model */,
				3A9E030727AFAF2300BCBEDE /* View */,
				3A9E030827AFAF2C00BCBEDE /* Presenter */,
			);
			path = MainModule;
			sourceTree = "<group>";
		};
		3A9E030627AFAF1A00BCBEDE /* Model */ = {
			isa = PBXGroup;
			children = (
				3A9E030127AFA77F00BCBEDE /* Comment.swift */,
			);
			path = Model;
			sourceTree = "<group>";
		};
		3A9E030727AFAF2300BCBEDE /* View */ = {
			isa = PBXGroup;
			children = (
				3A9E02D527AFA77600BCBEDE /* MainViewController.swift */,
			);
			path = View;
			sourceTree = "<group>";
		};
		3A9E030827AFAF2C00BCBEDE /* Presenter */ = {
			isa = PBXGroup;
			children = (
				3A9E030327AFA7AE00BCBEDE /* MainPresenter.swift */,
			);
			path = Presenter;
			sourceTree = "<group>";
		};
		3A9E030F27AFB5D100BCBEDE /* TestMainModule */ = {
			isa = PBXGroup;
			children = (
				3A9E030D27AFB5BC00BCBEDE /* MainPresenterTest.swift */,
			);
			path = TestMainModule;
			sourceTree = "<group>";
		};
		3A9E031227AFBEC800BCBEDE /* ServiceLayer */ = {
			isa = PBXGroup;
			children = (
				3A9E031027AFBEA800BCBEDE /* NetworkService.swift */,
			);
			path = ServiceLayer;
			sourceTree = "<group>";
		};
		3A9E031327AFBEED00BCBEDE /* Misc */ = {
			isa = PBXGroup;
			children = (
				3A9E02D127AFA77600BCBEDE /* AppDelegate.swift */,
				3A9E02D327AFA77600BCBEDE /* SceneDelegate.swift */,
				3A9E02DC27AFA77700BCBEDE /* LaunchScreen.storyboard */,
				3A9E030B27AFB45300BCBEDE /* Main.storyboard */,
			);
			path = Misc;
			sourceTree = "<group>";
		};
		3A9E031627AFD0BF00BCBEDE /* Presenter */ = {
			isa = PBXGroup;
			children = (
				3A9E031427AFCF4B00BCBEDE /* DetailPresenter.swift */,
			);
			path = Presenter;
			sourceTree = "<group>";
		};
		3A9E031727AFD0CB00BCBEDE /* DetailModule */ = {
			isa = PBXGroup;
			children = (
				3A9E031827AFD0DF00BCBEDE /* View */,
				3A9E031627AFD0BF00BCBEDE /* Presenter */,
			);
			path = DetailModule;
			sourceTree = "<group>";
		};
		3A9E031827AFD0DF00BCBEDE /* View */ = {
			isa = PBXGroup;
			children = (
				3A9E031927AFD0F200BCBEDE /* DetailViewController.swift */,
				3A9E031B27AFDDD500BCBEDE /* DetailTableViewCell.swift */,
			);
			path = View;
			sourceTree = "<group>";
		};
		3A9E031F27AFE3C000BCBEDE /* Extensions */ = {
			isa = PBXGroup;
			children = (
				3A9E031D27AFE35900BCBEDE /* UIView+Extension.swift */,
			);
			path = Extensions;
			sourceTree = "<group>";
		};
/* End PBXGroup section */

/* Begin PBXNativeTarget section */
		3A9E02CD27AFA77600BCBEDE /* MVP_Demo */ = {
			isa = PBXNativeTarget;
			buildConfigurationList = 3A9E02F827AFA77700BCBEDE /* Build configuration list for PBXNativeTarget "MVP_Demo" */;
			buildPhases = (
				3A9E02CA27AFA77600BCBEDE /* Sources */,
				3A9E02CB27AFA77600BCBEDE /* Frameworks */,
				3A9E02CC27AFA77600BCBEDE /* Resources */,
			);
			buildRules = (
			);
			dependencies = (
			);
			name = MVP_Demo;
			productName = MVP_Demo;
			productReference = 3A9E02CE27AFA77600BCBEDE /* MVP_Demo.app */;
			productType = "com.apple.product-type.application";
		};
		3A9E02E327AFA77700BCBEDE /* MVP_DemoTests */ = {
			isa = PBXNativeTarget;
			buildConfigurationList = 3A9E02FB27AFA77700BCBEDE /* Build configuration list for PBXNativeTarget "MVP_DemoTests" */;
			buildPhases = (
				3A9E02E027AFA77700BCBEDE /* Sources */,
				3A9E02E127AFA77700BCBEDE /* Frameworks */,
				3A9E02E227AFA77700BCBEDE /* Resources */,
			);
			buildRules = (
			);
			dependencies = (
				3A9E02E627AFA77700BCBEDE /* PBXTargetDependency */,
			);
			name = MVP_DemoTests;
			productName = MVP_DemoTests;
			productReference = 3A9E02E427AFA77700BCBEDE /* MVP_DemoTests.xctest */;
			productType = "com.apple.product-type.bundle.unit-test";
		};
		3A9E02ED27AFA77700BCBEDE /* MVP_DemoUITests */ = {
			isa = PBXNativeTarget;
			buildConfigurationList = 3A9E02FE27AFA77700BCBEDE /* Build configuration list for PBXNativeTarget "MVP_DemoUITests" */;
			buildPhases = (
				3A9E02EA27AFA77700BCBEDE /* Sources */,
				3A9E02EB27AFA77700BCBEDE /* Frameworks */,
				3A9E02EC27AFA77700BCBEDE /* Resources */,
			);
			buildRules = (
			);
			dependencies = (
				3A9E02F027AFA77700BCBEDE /* PBXTargetDependency */,
			);
			name = MVP_DemoUITests;
			productName = MVP_DemoUITests;
			productReference = 3A9E02EE27AFA77700BCBEDE /* MVP_DemoUITests.xctest */;
			productType = "com.apple.product-type.bundle.ui-testing";
		};
/* End PBXNativeTarget section */

/* Begin PBXProject section */
		3A9E02C627AFA77600BCBEDE /* Project object */ = {
			isa = PBXProject;
			attributes = {
				BuildIndependentTargetsInParallel = 1;
				LastSwiftUpdateCheck = 1320;
				LastUpgradeCheck = 1320;
				TargetAttributes = {
					3A9E02CD27AFA77600BCBEDE = {
						CreatedOnToolsVersion = 13.2.1;
					};
					3A9E02E327AFA77700BCBEDE = {
						CreatedOnToolsVersion = 13.2.1;
						TestTargetID = 3A9E02CD27AFA77600BCBEDE;
					};
					3A9E02ED27AFA77700BCBEDE = {
						CreatedOnToolsVersion = 13.2.1;
						TestTargetID = 3A9E02CD27AFA77600BCBEDE;
					};
				};
			};
			buildConfigurationList = 3A9E02C927AFA77600BCBEDE /* Build configuration list for PBXProject "MVP_Demo" */;
			compatibilityVersion = "Xcode 13.0";
			developmentRegion = en;
			hasScannedForEncodings = 0;
			knownRegions = (
				en,
				Base,
			);
			mainGroup = 3A9E02C527AFA77600BCBEDE;
			productRefGroup = 3A9E02CF27AFA77600BCBEDE /* Products */;
			projectDirPath = "";
			projectRoot = "";
			targets = (
				3A9E02CD27AFA77600BCBEDE /* MVP_Demo */,
				3A9E02E327AFA77700BCBEDE /* MVP_DemoTests */,
				3A9E02ED27AFA77700BCBEDE /* MVP_DemoUITests */,
			);
		};
/* End PBXProject section */

/* Begin PBXResourcesBuildPhase section */
		3A9E02CC27AFA77600BCBEDE /* Resources */ = {
			isa = PBXResourcesBuildPhase;
			buildActionMask = 2147483647;
			files = (
				3A9E030C27AFB45300BCBEDE /* Main.storyboard in Resources */,
				3A9E02DE27AFA77700BCBEDE /* LaunchScreen.storyboard in Resources */,
				3A9E02DB27AFA77700BCBEDE /* Assets.xcassets in Resources */,
			);
			runOnlyForDeploymentPostprocessing = 0;
		};
		3A9E02E227AFA77700BCBEDE /* Resources */ = {
			isa = PBXResourcesBuildPhase;
			buildActionMask = 2147483647;
			files = (
			);
			runOnlyForDeploymentPostprocessing = 0;
		};
		3A9E02EC27AFA77700BCBEDE /* Resources */ = {
			isa = PBXResourcesBuildPhase;
			buildActionMask = 2147483647;
			files = (
			);
			runOnlyForDeploymentPostprocessing = 0;
		};
/* End PBXResourcesBuildPhase section */

/* Begin PBXSourcesBuildPhase section */
		3A9E02CA27AFA77600BCBEDE /* Sources */ = {
			isa = PBXSourcesBuildPhase;
			buildActionMask = 2147483647;
			files = (
				3A9E031E27AFE35900BCBEDE /* UIView+Extension.swift in Sources */,
				3A9E031A27AFD0F200BCBEDE /* DetailViewController.swift in Sources */,
				3A9E030427AFA7AE00BCBEDE /* MainPresenter.swift in Sources */,
				3A9E02D627AFA77600BCBEDE /* MainViewController.swift in Sources */,
				3A9E02D227AFA77600BCBEDE /* AppDelegate.swift in Sources */,
				3A9E031527AFCF4B00BCBEDE /* DetailPresenter.swift in Sources */,
				3A9E030227AFA77F00BCBEDE /* Comment.swift in Sources */,
				3A9E02D427AFA77600BCBEDE /* SceneDelegate.swift in Sources */,
				3A9E030A27AFB25500BCBEDE /* ModuleBuilder.swift in Sources */,
				3A9E031C27AFDDD500BCBEDE /* DetailTableViewCell.swift in Sources */,
				3A9E031127AFBEA800BCBEDE /* NetworkService.swift in Sources */,
			);
			runOnlyForDeploymentPostprocessing = 0;
		};
		3A9E02E027AFA77700BCBEDE /* Sources */ = {
			isa = PBXSourcesBuildPhase;
			buildActionMask = 2147483647;
			files = (
				3A9E030E27AFB5BC00BCBEDE /* MainPresenterTest.swift in Sources */,
			);
			runOnlyForDeploymentPostprocessing = 0;
		};
		3A9E02EA27AFA77700BCBEDE /* Sources */ = {
			isa = PBXSourcesBuildPhase;
			buildActionMask = 2147483647;
			files = (
				3A9E02F527AFA77700BCBEDE /* MVP_DemoUITestsLaunchTests.swift in Sources */,
				3A9E02F327AFA77700BCBEDE /* MVP_DemoUITests.swift in Sources */,
			);
			runOnlyForDeploymentPostprocessing = 0;
		};
/* End PBXSourcesBuildPhase section */

/* Begin PBXTargetDependency section */
		3A9E02E627AFA77700BCBEDE /* PBXTargetDependency */ = {
			isa = PBXTargetDependency;
			target = 3A9E02CD27AFA77600BCBEDE /* MVP_Demo */;
			targetProxy = 3A9E02E527AFA77700BCBEDE /* PBXContainerItemProxy */;
		};
		3A9E02F027AFA77700BCBEDE /* PBXTargetDependency */ = {
			isa = PBXTargetDependency;
			target = 3A9E02CD27AFA77600BCBEDE /* MVP_Demo */;
			targetProxy = 3A9E02EF27AFA77700BCBEDE /* PBXContainerItemProxy */;
		};
/* End PBXTargetDependency section */

/* Begin PBXVariantGroup section */
		3A9E02DC27AFA77700BCBEDE /* LaunchScreen.storyboard */ = {
			isa = PBXVariantGroup;
			children = (
				3A9E02DD27AFA77700BCBEDE /* Base */,
			);
			name = LaunchScreen.storyboard;
			sourceTree = "<group>";
		};
/* End PBXVariantGroup section */

/* Begin XCBuildConfiguration section */
		3A9E02F627AFA77700BCBEDE /* Debug */ = {
			isa = XCBuildConfiguration;
			buildSettings = {
				ALWAYS_SEARCH_USER_PATHS = NO;
				CLANG_ANALYZER_NONNULL = YES;
				CLANG_ANALYZER_NUMBER_OBJECT_CONVERSION = YES_AGGRESSIVE;
				CLANG_CXX_LANGUAGE_STANDARD = "gnu++17";
				CLANG_CXX_LIBRARY = "libc++";
				CLANG_ENABLE_MODULES = YES;
				CLANG_ENABLE_OBJC_ARC = YES;
				CLANG_ENABLE_OBJC_WEAK = YES;
				CLANG_WARN_BLOCK_CAPTURE_AUTORELEASING = YES;
				CLANG_WARN_BOOL_CONVERSION = YES;
				CLANG_WARN_COMMA = YES;
				CLANG_WARN_CONSTANT_CONVERSION = YES;
				CLANG_WARN_DEPRECATED_OBJC_IMPLEMENTATIONS = YES;
				CLANG_WARN_DIRECT_OBJC_ISA_USAGE = YES_ERROR;
				CLANG_WARN_DOCUMENTATION_COMMENTS = YES;
				CLANG_WARN_EMPTY_BODY = YES;
				CLANG_WARN_ENUM_CONVERSION = YES;
				CLANG_WARN_INFINITE_RECURSION = YES;
				CLANG_WARN_INT_CONVERSION = YES;
				CLANG_WARN_NON_LITERAL_NULL_CONVERSION = YES;
				CLANG_WARN_OBJC_IMPLICIT_RETAIN_SELF = YES;
				CLANG_WARN_OBJC_LITERAL_CONVERSION = YES;
				CLANG_WARN_OBJC_ROOT_CLASS = YES_ERROR;
				CLANG_WARN_QUOTED_INCLUDE_IN_FRAMEWORK_HEADER = YES;
				CLANG_WARN_RANGE_LOOP_ANALYSIS = YES;
				CLANG_WARN_STRICT_PROTOTYPES = YES;
				CLANG_WARN_SUSPICIOUS_MOVE = YES;
				CLANG_WARN_UNGUARDED_AVAILABILITY = YES_AGGRESSIVE;
				CLANG_WARN_UNREACHABLE_CODE = YES;
				CLANG_WARN__DUPLICATE_METHOD_MATCH = YES;
				COPY_PHASE_STRIP = NO;
				DEBUG_INFORMATION_FORMAT = dwarf;
				ENABLE_STRICT_OBJC_MSGSEND = YES;
				ENABLE_TESTABILITY = YES;
				GCC_C_LANGUAGE_STANDARD = gnu11;
				GCC_DYNAMIC_NO_PIC = NO;
				GCC_NO_COMMON_BLOCKS = YES;
				GCC_OPTIMIZATION_LEVEL = 0;
				GCC_PREPROCESSOR_DEFINITIONS = (
					"DEBUG=1",
					"$(inherited)",
				);
				GCC_WARN_64_TO_32_BIT_CONVERSION = YES;
				GCC_WARN_ABOUT_RETURN_TYPE = YES_ERROR;
				GCC_WARN_UNDECLARED_SELECTOR = YES;
				GCC_WARN_UNINITIALIZED_AUTOS = YES_AGGRESSIVE;
				GCC_WARN_UNUSED_FUNCTION = YES;
				GCC_WARN_UNUSED_VARIABLE = YES;
				IPHONEOS_DEPLOYMENT_TARGET = 15.2;
				MTL_ENABLE_DEBUG_INFO = INCLUDE_SOURCE;
				MTL_FAST_MATH = YES;
				ONLY_ACTIVE_ARCH = YES;
				SDKROOT = iphoneos;
				SWIFT_ACTIVE_COMPILATION_CONDITIONS = DEBUG;
				SWIFT_OPTIMIZATION_LEVEL = "-Onone";
			};
			name = Debug;
		};
		3A9E02F727AFA77700BCBEDE /* Release */ = {
			isa = XCBuildConfiguration;
			buildSettings = {
				ALWAYS_SEARCH_USER_PATHS = NO;
				CLANG_ANALYZER_NONNULL = YES;
				CLANG_ANALYZER_NUMBER_OBJECT_CONVERSION = YES_AGGRESSIVE;
				CLANG_CXX_LANGUAGE_STANDARD = "gnu++17";
				CLANG_CXX_LIBRARY = "libc++";
				CLANG_ENABLE_MODULES = YES;
				CLANG_ENABLE_OBJC_ARC = YES;
				CLANG_ENABLE_OBJC_WEAK = YES;
				CLANG_WARN_BLOCK_CAPTURE_AUTORELEASING = YES;
				CLANG_WARN_BOOL_CONVERSION = YES;
				CLANG_WARN_COMMA = YES;
				CLANG_WARN_CONSTANT_CONVERSION = YES;
				CLANG_WARN_DEPRECATED_OBJC_IMPLEMENTATIONS = YES;
				CLANG_WARN_DIRECT_OBJC_ISA_USAGE = YES_ERROR;
				CLANG_WARN_DOCUMENTATION_COMMENTS = YES;
				CLANG_WARN_EMPTY_BODY = YES;
				CLANG_WARN_ENUM_CONVERSION = YES;
				CLANG_WARN_INFINITE_RECURSION = YES;
				CLANG_WARN_INT_CONVERSION = YES;
				CLANG_WARN_NON_LITERAL_NULL_CONVERSION = YES;
				CLANG_WARN_OBJC_IMPLICIT_RETAIN_SELF = YES;
				CLANG_WARN_OBJC_LITERAL_CONVERSION = YES;
				CLANG_WARN_OBJC_ROOT_CLASS = YES_ERROR;
				CLANG_WARN_QUOTED_INCLUDE_IN_FRAMEWORK_HEADER = YES;
				CLANG_WARN_RANGE_LOOP_ANALYSIS = YES;
				CLANG_WARN_STRICT_PROTOTYPES = YES;
				CLANG_WARN_SUSPICIOUS_MOVE = YES;
				CLANG_WARN_UNGUARDED_AVAILABILITY = YES_AGGRESSIVE;
				CLANG_WARN_UNREACHABLE_CODE = YES;
				CLANG_WARN__DUPLICATE_METHOD_MATCH = YES;
				COPY_PHASE_STRIP = NO;
				DEBUG_INFORMATION_FORMAT = "dwarf-with-dsym";
				ENABLE_NS_ASSERTIONS = NO;
				ENABLE_STRICT_OBJC_MSGSEND = YES;
				GCC_C_LANGUAGE_STANDARD = gnu11;
				GCC_NO_COMMON_BLOCKS = YES;
				GCC_WARN_64_TO_32_BIT_CONVERSION = YES;
				GCC_WARN_ABOUT_RETURN_TYPE = YES_ERROR;
				GCC_WARN_UNDECLARED_SELECTOR = YES;
				GCC_WARN_UNINITIALIZED_AUTOS = YES_AGGRESSIVE;
				GCC_WARN_UNUSED_FUNCTION = YES;
				GCC_WARN_UNUSED_VARIABLE = YES;
				IPHONEOS_DEPLOYMENT_TARGET = 15.2;
				MTL_ENABLE_DEBUG_INFO = NO;
				MTL_FAST_MATH = YES;
				SDKROOT = iphoneos;
				SWIFT_COMPILATION_MODE = wholemodule;
				SWIFT_OPTIMIZATION_LEVEL = "-O";
				VALIDATE_PRODUCT = YES;
			};
			name = Release;
		};
		3A9E02F927AFA77700BCBEDE /* Debug */ = {
			isa = XCBuildConfiguration;
			buildSettings = {
				ASSETCATALOG_COMPILER_APPICON_NAME = AppIcon;
				ASSETCATALOG_COMPILER_GLOBAL_ACCENT_COLOR_NAME = AccentColor;
				CODE_SIGN_STYLE = Automatic;
				CURRENT_PROJECT_VERSION = 1;
				DEVELOPMENT_TEAM = N889S8P6M3;
				GENERATE_INFOPLIST_FILE = YES;
				INFOPLIST_FILE = MVP_Demo/Info.plist;
				INFOPLIST_KEY_UIApplicationSupportsIndirectInputEvents = YES;
				INFOPLIST_KEY_UILaunchStoryboardName = LaunchScreen;
				INFOPLIST_KEY_UIMainStoryboardFile = Main;
				INFOPLIST_KEY_UISupportedInterfaceOrientations_iPad = "UIInterfaceOrientationPortrait UIInterfaceOrientationPortraitUpsideDown UIInterfaceOrientationLandscapeLeft UIInterfaceOrientationLandscapeRight";
				INFOPLIST_KEY_UISupportedInterfaceOrientations_iPhone = "UIInterfaceOrientationPortrait UIInterfaceOrientationLandscapeLeft UIInterfaceOrientationLandscapeRight";
				LD_RUNPATH_SEARCH_PATHS = (
					"$(inherited)",
					"@executable_path/Frameworks",
				);
				MARKETING_VERSION = 1.0;
				PRODUCT_BUNDLE_IDENTIFIER = "Artem-Vaniukov.MVP-Demo";
				PRODUCT_NAME = "$(TARGET_NAME)";
				SWIFT_EMIT_LOC_STRINGS = YES;
				SWIFT_VERSION = 5.0;
				TARGETED_DEVICE_FAMILY = "1,2";
			};
			name = Debug;
		};
		3A9E02FA27AFA77700BCBEDE /* Release */ = {
			isa = XCBuildConfiguration;
			buildSettings = {
				ASSETCATALOG_COMPILER_APPICON_NAME = AppIcon;
				ASSETCATALOG_COMPILER_GLOBAL_ACCENT_COLOR_NAME = AccentColor;
				CODE_SIGN_STYLE = Automatic;
				CURRENT_PROJECT_VERSION = 1;
				DEVELOPMENT_TEAM = N889S8P6M3;
				GENERATE_INFOPLIST_FILE = YES;
				INFOPLIST_FILE = MVP_Demo/Info.plist;
				INFOPLIST_KEY_UIApplicationSupportsIndirectInputEvents = YES;
				INFOPLIST_KEY_UILaunchStoryboardName = LaunchScreen;
				INFOPLIST_KEY_UIMainStoryboardFile = Main;
				INFOPLIST_KEY_UISupportedInterfaceOrientations_iPad = "UIInterfaceOrientationPortrait UIInterfaceOrientationPortraitUpsideDown UIInterfaceOrientationLandscapeLeft UIInterfaceOrientationLandscapeRight";
				INFOPLIST_KEY_UISupportedInterfaceOrientations_iPhone = "UIInterfaceOrientationPortrait UIInterfaceOrientationLandscapeLeft UIInterfaceOrientationLandscapeRight";
				LD_RUNPATH_SEARCH_PATHS = (
					"$(inherited)",
					"@executable_path/Frameworks",
				);
				MARKETING_VERSION = 1.0;
				PRODUCT_BUNDLE_IDENTIFIER = "Artem-Vaniukov.MVP-Demo";
				PRODUCT_NAME = "$(TARGET_NAME)";
				SWIFT_EMIT_LOC_STRINGS = YES;
				SWIFT_VERSION = 5.0;
				TARGETED_DEVICE_FAMILY = "1,2";
			};
			name = Release;
		};
		3A9E02FC27AFA77700BCBEDE /* Debug */ = {
			isa = XCBuildConfiguration;
			buildSettings = {
				ALWAYS_EMBED_SWIFT_STANDARD_LIBRARIES = YES;
				BUNDLE_LOADER = "$(TEST_HOST)";
				CODE_SIGN_STYLE = Automatic;
				CURRENT_PROJECT_VERSION = 1;
				DEVELOPMENT_TEAM = N889S8P6M3;
				GENERATE_INFOPLIST_FILE = YES;
				IPHONEOS_DEPLOYMENT_TARGET = 15.2;
				MARKETING_VERSION = 1.0;
				PRODUCT_BUNDLE_IDENTIFIER = "Artem-Vaniukov.MVP-DemoTests";
				PRODUCT_NAME = "$(TARGET_NAME)";
				SWIFT_EMIT_LOC_STRINGS = NO;
				SWIFT_VERSION = 5.0;
				TARGETED_DEVICE_FAMILY = "1,2";
				TEST_HOST = "$(BUILT_PRODUCTS_DIR)/MVP_Demo.app/MVP_Demo";
			};
			name = Debug;
		};
		3A9E02FD27AFA77700BCBEDE /* Release */ = {
			isa = XCBuildConfiguration;
			buildSettings = {
				ALWAYS_EMBED_SWIFT_STANDARD_LIBRARIES = YES;
				BUNDLE_LOADER = "$(TEST_HOST)";
				CODE_SIGN_STYLE = Automatic;
				CURRENT_PROJECT_VERSION = 1;
				DEVELOPMENT_TEAM = N889S8P6M3;
				GENERATE_INFOPLIST_FILE = YES;
				IPHONEOS_DEPLOYMENT_TARGET = 15.2;
				MARKETING_VERSION = 1.0;
				PRODUCT_BUNDLE_IDENTIFIER = "Artem-Vaniukov.MVP-DemoTests";
				PRODUCT_NAME = "$(TARGET_NAME)";
				SWIFT_EMIT_LOC_STRINGS = NO;
				SWIFT_VERSION = 5.0;
				TARGETED_DEVICE_FAMILY = "1,2";
				TEST_HOST = "$(BUILT_PRODUCTS_DIR)/MVP_Demo.app/MVP_Demo";
			};
			name = Release;
		};
		3A9E02FF27AFA77700BCBEDE /* Debug */ = {
			isa = XCBuildConfiguration;
			buildSettings = {
				ALWAYS_EMBED_SWIFT_STANDARD_LIBRARIES = YES;
				CODE_SIGN_STYLE = Automatic;
				CURRENT_PROJECT_VERSION = 1;
				DEVELOPMENT_TEAM = N889S8P6M3;
				GENERATE_INFOPLIST_FILE = YES;
				MARKETING_VERSION = 1.0;
				PRODUCT_BUNDLE_IDENTIFIER = "Artem-Vaniukov.MVP-DemoUITests";
				PRODUCT_NAME = "$(TARGET_NAME)";
				SWIFT_EMIT_LOC_STRINGS = NO;
				SWIFT_VERSION = 5.0;
				TARGETED_DEVICE_FAMILY = "1,2";
				TEST_TARGET_NAME = MVP_Demo;
			};
			name = Debug;
		};
		3A9E030027AFA77700BCBEDE /* Release */ = {
			isa = XCBuildConfiguration;
			buildSettings = {
				ALWAYS_EMBED_SWIFT_STANDARD_LIBRARIES = YES;
				CODE_SIGN_STYLE = Automatic;
				CURRENT_PROJECT_VERSION = 1;
				DEVELOPMENT_TEAM = N889S8P6M3;
				GENERATE_INFOPLIST_FILE = YES;
				MARKETING_VERSION = 1.0;
				PRODUCT_BUNDLE_IDENTIFIER = "Artem-Vaniukov.MVP-DemoUITests";
				PRODUCT_NAME = "$(TARGET_NAME)";
				SWIFT_EMIT_LOC_STRINGS = NO;
				SWIFT_VERSION = 5.0;
				TARGETED_DEVICE_FAMILY = "1,2";
				TEST_TARGET_NAME = MVP_Demo;
			};
			name = Release;
		};
/* End XCBuildConfiguration section */

/* Begin XCConfigurationList section */
		3A9E02C927AFA77600BCBEDE /* Build configuration list for PBXProject "MVP_Demo" */ = {
			isa = XCConfigurationList;
			buildConfigurations = (
				3A9E02F627AFA77700BCBEDE /* Debug */,
				3A9E02F727AFA77700BCBEDE /* Release */,
			);
			defaultConfigurationIsVisible = 0;
			defaultConfigurationName = Release;
		};
		3A9E02F827AFA77700BCBEDE /* Build configuration list for PBXNativeTarget "MVP_Demo" */ = {
			isa = XCConfigurationList;
			buildConfigurations = (
				3A9E02F927AFA77700BCBEDE /* Debug */,
				3A9E02FA27AFA77700BCBEDE /* Release */,
			);
			defaultConfigurationIsVisible = 0;
			defaultConfigurationName = Release;
		};
		3A9E02FB27AFA77700BCBEDE /* Build configuration list for PBXNativeTarget "MVP_DemoTests" */ = {
			isa = XCConfigurationList;
			buildConfigurations = (
				3A9E02FC27AFA77700BCBEDE /* Debug */,
				3A9E02FD27AFA77700BCBEDE /* Release */,
			);
			defaultConfigurationIsVisible = 0;
			defaultConfigurationName = Release;
		};
		3A9E02FE27AFA77700BCBEDE /* Build configuration list for PBXNativeTarget "MVP_DemoUITests" */ = {
			isa = XCConfigurationList;
			buildConfigurations = (
				3A9E02FF27AFA77700BCBEDE /* Debug */,
				3A9E030027AFA77700BCBEDE /* Release */,
			);
			defaultConfigurationIsVisible = 0;
			defaultConfigurationName = Release;
		};
/* End XCConfigurationList section */
	};
	rootObject = 3A9E02C627AFA77600BCBEDE /* Project object */;
}
